PODS:
  - CwlCatchException (2.2.1):
    - CwlCatchExceptionSupport (~> 2.2.1)
  - CwlCatchExceptionSupport (2.2.1)
  - device_info_plus (0.0.1):
    - Flutter
  - Flutter (1.0.0)
  - flutter_background_service_ios (0.0.3):
    - Flutter
  - flutter_local_notifications (0.0.1):
    - Flutter
  - flutter_tts (0.0.1):
    - Flutter
  - geolocator_apple (1.2.0):
    - Flutter
    - FlutterMacOS
  - package_info_plus (0.4.5):
    - Flutter
  - sensors_plus (0.0.1):
    - Flutter
  - speech_to_text (7.2.0):
    - CwlCatchException
    - Flutter
    - FlutterMacOS
  - TensorFlowLiteC (2.12.0):
    - TensorFlowLiteC/Core (= 2.12.0)
  - TensorFlowLiteC/Core (2.12.0)
  - TensorFlowLiteC/CoreML (2.12.0):
    - TensorFlowLiteC/Core
  - TensorFlowLiteC/Metal (2.12.0):
    - TensorFlowLiteC/Core
  - TensorFlowLiteSwift (2.12.0):
    - TensorFlowLiteSwift/Core (= 2.12.0)
  - TensorFlowLiteSwift/Core (2.12.0):
    - TensorFlowLiteC (= 2.12.0)
  - TensorFlowLiteSwift/CoreML (2.12.0):
    - TensorFlowLiteC/CoreML (= 2.12.0)
    - TensorFlowLiteSwift/Core (= 2.12.0)
  - TensorFlowLiteSwift/Metal (2.12.0):
    - TensorFlowLiteC/Metal (= 2.12.0)
    - TensorFlowLiteSwift/Core (= 2.12.0)
  - tflite_flutter (0.0.1):
    - Flutter
    - TensorFlowLiteSwift (= 2.12.0)
    - TensorFlowLiteSwift/CoreML (= 2.12.0)
    - TensorFlowLiteSwift/Metal (= 2.12.0)
  - torch_light (0.0.1):
    - Flutter
  - url_launcher_ios (0.0.1):
    - Flutter
  - vibration (1.7.5):
    - Flutter
  - wakelock_plus (0.0.1):
    - Flutter

DEPENDENCIES:
  - device_info_plus (from `.symlinks/plugins/device_info_plus/ios`)
  - Flutter (from `Flutter`)
  - flutter_background_service_ios (from `.symlinks/plugins/flutter_background_service_ios/ios`)
  - flutter_local_notifications (from `.symlinks/plugins/flutter_local_notifications/ios`)
  - flutter_tts (from `.symlinks/plugins/flutter_tts/ios`)
  - geolocator_apple (from `.symlinks/plugins/geolocator_apple/darwin`)
  - package_info_plus (from `.symlinks/plugins/package_info_plus/ios`)
  - sensors_plus (from `.symlinks/plugins/sensors_plus/ios`)
  - speech_to_text (from `.symlinks/plugins/speech_to_text/darwin`)
  - tflite_flutter (from `.symlinks/plugins/tflite_flutter/ios`)
  - torch_light (from `.symlinks/plugins/torch_light/ios`)
  - url_launcher_ios (from `.symlinks/plugins/url_launcher_ios/ios`)
  - vibration (from `.symlinks/plugins/vibration/ios`)
  - wakelock_plus (from `.symlinks/plugins/wakelock_plus/ios`)

SPEC REPOS:
  trunk:
    - CwlCatchException
    - CwlCatchExceptionSupport
    - TensorFlowLiteC
    - TensorFlowLiteSwift

EXTERNAL SOURCES:
  device_info_plus:
    :path: ".symlinks/plugins/device_info_plus/ios"
  Flutter:
    :path: Flutter
  flutter_background_service_ios:
    :path: ".symlinks/plugins/flutter_background_service_ios/ios"
  flutter_local_notifications:
    :path: ".symlinks/plugins/flutter_local_notifications/ios"
  flutter_tts:
    :path: ".symlinks/plugins/flutter_tts/ios"
  geolocator_apple:
    :path: ".symlinks/plugins/geolocator_apple/darwin"
  package_info_plus:
    :path: ".symlinks/plugins/package_info_plus/ios"
  sensors_plus:
    :path: ".symlinks/plugins/sensors_plus/ios"
  speech_to_text:
    :path: ".symlinks/plugins/speech_to_text/darwin"
  tflite_flutter:
    :path: ".symlinks/plugins/tflite_flutter/ios"
  torch_light:
    :path: ".symlinks/plugins/torch_light/ios"
  url_launcher_ios:
    :path: ".symlinks/plugins/url_launcher_ios/ios"
  vibration:
    :path: ".symlinks/plugins/vibration/ios"
  wakelock_plus:
    :path: ".symlinks/plugins/wakelock_plus/ios"

SPEC CHECKSUMS:
  CwlCatchException: 7acc161b299a6de7f0a46a6ed741eae2c8b4d75a
  CwlCatchExceptionSupport: 54ccab8d8c78907b57f99717fb19d4cc3bce02dc
  device_info_plus: 21fcca2080fbcd348be798aa36c3e5ed849eefbe
  Flutter: cabc95a1d2626b1b06e7179b784ebcf0c0cde467
  flutter_background_service_ios: 00d31bdff7b4bfe06d32375df358abe0329cf87e
  flutter_local_notifications: ad39620c743ea4c15127860f4b5641649a988100
  flutter_tts: 35ac3c7d42412733e795ea96ad2d7e05d0a75113
  geolocator_apple: ab36aa0e8b7d7a2d7639b3b4e48308394e8cef5e
  package_info_plus: af8e2ca6888548050f16fa2f1938db7b5a5df499
  sensors_plus: 6a11ed0c2e1d0bd0b20b4029d3bad27d96e0c65b
  speech_to_text: 3b313d98516d3d0406cea424782ec25470c59d19
  TensorFlowLiteC: 20785a69299185a379ba9852b6625f00afd7984a
  TensorFlowLiteSwift: 3a4928286e9e35bdd3e17970f48e53c80d25e793
  tflite_flutter: 64b192e11352fe36943ab6656e1d49207f1a5595
  torch_light: d093d579a221a59ef8a6b8c0eca20d52f7178087
  url_launcher_ios: 7a95fa5b60cc718a708b8f2966718e93db0cef1b
  vibration: 8e2f50fc35bb736f9eecb7dd9f7047fbb6a6e888
  wakelock_plus: e29112ab3ef0b318e58cfa5c32326458be66b556

PODFILE CHECKSUM: e0b6dd5ac12aa2864d0dd4f7168d3a4d34a4e15a

COCOAPODS: 1.16.2
